// !$*UTF8*$!
{
	archiveVersion = 1;
	classes = {
	};
	objectVersion = 51;
	objects = {

/* Begin PBXBuildFile section */
		340A15E7252DB29700F1A294 /* Helpers.swift in Sources */ = {isa = PBXBuildFile; fileRef = 340A15E6252DB29700F1A294 /* Helpers.swift */; };
		344CB97F2538429900C70662 /* AuthService.swift in Sources */ = {isa = PBXBuildFile; fileRef = 344CB97E2538429900C70662 /* AuthService.swift */; };
		349380D52532000E00C263CE /* GoogleService-Info.plist in Resources */ = {isa = PBXBuildFile; fileRef = 349380D42532000E00C263CE /* GoogleService-Info.plist */; };
		3493810225363A2700C263CE /* Constants.swift in Sources */ = {isa = PBXBuildFile; fileRef = 3493810125363A2700C263CE /* Constants.swift */; };
		34BF0F832538DF6500BAF77D /* UserService.swift in Sources */ = {isa = PBXBuildFile; fileRef = 34BF0F822538DF6500BAF77D /* UserService.swift */; };
		34BF0F862538E35600BAF77D /* User.swift in Sources */ = {isa = PBXBuildFile; fileRef = 34BF0F852538E35600BAF77D /* User.swift */; };
		34BF0F992539BA3E00BAF77D /* UploadTweetController.swift in Sources */ = {isa = PBXBuildFile; fileRef = 34BF0F982539BA3E00BAF77D /* UploadTweetController.swift */; };
		34BF0F9C253A21AE00BAF77D /* CaptionTextView.swift in Sources */ = {isa = PBXBuildFile; fileRef = 34BF0F9B253A21AE00BAF77D /* CaptionTextView.swift */; };
		34BF0F9F253A30AB00BAF77D /* TweetService.swift in Sources */ = {isa = PBXBuildFile; fileRef = 34BF0F9E253A30AB00BAF77D /* TweetService.swift */; };
		34BF0FA2253B81CD00BAF77D /* Tweet.swift in Sources */ = {isa = PBXBuildFile; fileRef = 34BF0FA1253B81CD00BAF77D /* Tweet.swift */; };
		34BF0FA5253C69FA00BAF77D /* FeedCell.swift in Sources */ = {isa = PBXBuildFile; fileRef = 34BF0FA4253C69FA00BAF77D /* FeedCell.swift */; };
		44CD6F622527BD0A0093252E /* MainTabBarController.swift in Sources */ = {isa = PBXBuildFile; fileRef = 44CD6F612527BD0A0093252E /* MainTabBarController.swift */; };
		44CD6F652527C06B0093252E /* FeedController.swift in Sources */ = {isa = PBXBuildFile; fileRef = 44CD6F642527C06B0093252E /* FeedController.swift */; };
		44CD6F682527C1290093252E /* ExploreController.swift in Sources */ = {isa = PBXBuildFile; fileRef = 44CD6F672527C1290093252E /* ExploreController.swift */; };
		44CD6F6B2527C1410093252E /* NotificationsController.swift in Sources */ = {isa = PBXBuildFile; fileRef = 44CD6F6A2527C1410093252E /* NotificationsController.swift */; };
		44CD6F6E2527C1520093252E /* ConversationsController.swift in Sources */ = {isa = PBXBuildFile; fileRef = 44CD6F6D2527C1520093252E /* ConversationsController.swift */; };
		44CD6F742528D3C70093252E /* Extensions.swift in Sources */ = {isa = PBXBuildFile; fileRef = 44CD6F732528D3C70093252E /* Extensions.swift */; };
		44CD6F79252C51D50093252E /* LoginController.swift in Sources */ = {isa = PBXBuildFile; fileRef = 44CD6F78252C51D50093252E /* LoginController.swift */; };
		44CD6F7C252C51E30093252E /* RegistrationController.swift in Sources */ = {isa = PBXBuildFile; fileRef = 44CD6F7B252C51E30093252E /* RegistrationController.swift */; };
		44F2C85B2521FBE50000B101 /* AppDelegate.swift in Sources */ = {isa = PBXBuildFile; fileRef = 44F2C85A2521FBE50000B101 /* AppDelegate.swift */; };
		44F2C85D2521FBE50000B101 /* SceneDelegate.swift in Sources */ = {isa = PBXBuildFile; fileRef = 44F2C85C2521FBE50000B101 /* SceneDelegate.swift */; };
		44F2C8622521FBE50000B101 /* Main.storyboard in Resources */ = {isa = PBXBuildFile; fileRef = 44F2C8602521FBE50000B101 /* Main.storyboard */; };
		44F2C8642521FBE80000B101 /* Assets.xcassets in Resources */ = {isa = PBXBuildFile; fileRef = 44F2C8632521FBE80000B101 /* Assets.xcassets */; };
		44F2C8672521FBE80000B101 /* LaunchScreen.storyboard in Resources */ = {isa = PBXBuildFile; fileRef = 44F2C8652521FBE80000B101 /* LaunchScreen.storyboard */; };
		64697876BF96F31B20F0BC44 /* Pods_Twitter.framework in Frameworks */ = {isa = PBXBuildFile; fileRef = 24CC567A9EBDEF9F7323D644 /* Pods_Twitter.framework */; };
/* End PBXBuildFile section */

/* Begin PBXFileReference section */
		24CC567A9EBDEF9F7323D644 /* Pods_Twitter.framework */ = {isa = PBXFileReference; explicitFileType = wrapper.framework; includeInIndex = 0; path = Pods_Twitter.framework; sourceTree = BUILT_PRODUCTS_DIR; };
		340A15E6252DB29700F1A294 /* Helpers.swift */ = {isa = PBXFileReference; lastKnownFileType = sourcecode.swift; path = Helpers.swift; sourceTree = "<group>"; };
		344CB97E2538429900C70662 /* AuthService.swift */ = {isa = PBXFileReference; lastKnownFileType = sourcecode.swift; path = AuthService.swift; sourceTree = "<group>"; };
		349380D42532000E00C263CE /* GoogleService-Info.plist */ = {isa = PBXFileReference; lastKnownFileType = text.plist.xml; name = "GoogleService-Info.plist"; path = "Twitter/GoogleService-Info.plist"; sourceTree = SOURCE_ROOT; };
		3493810125363A2700C263CE /* Constants.swift */ = {isa = PBXFileReference; lastKnownFileType = sourcecode.swift; path = Constants.swift; sourceTree = "<group>"; };
		34BF0F822538DF6500BAF77D /* UserService.swift */ = {isa = PBXFileReference; lastKnownFileType = sourcecode.swift; path = UserService.swift; sourceTree = "<group>"; };
		34BF0F852538E35600BAF77D /* User.swift */ = {isa = PBXFileReference; lastKnownFileType = sourcecode.swift; path = User.swift; sourceTree = "<group>"; };
		34BF0F982539BA3E00BAF77D /* UploadTweetController.swift */ = {isa = PBXFileReference; lastKnownFileType = sourcecode.swift; path = UploadTweetController.swift; sourceTree = "<group>"; };
		34BF0F9B253A21AE00BAF77D /* CaptionTextView.swift */ = {isa = PBXFileReference; lastKnownFileType = sourcecode.swift; path = CaptionTextView.swift; sourceTree = "<group>"; };
		34BF0F9E253A30AB00BAF77D /* TweetService.swift */ = {isa = PBXFileReference; lastKnownFileType = sourcecode.swift; path = TweetService.swift; sourceTree = "<group>"; };
		34BF0FA1253B81CD00BAF77D /* Tweet.swift */ = {isa = PBXFileReference; lastKnownFileType = sourcecode.swift; path = Tweet.swift; sourceTree = "<group>"; };
		34BF0FA4253C69FA00BAF77D /* FeedCell.swift */ = {isa = PBXFileReference; lastKnownFileType = sourcecode.swift; path = FeedCell.swift; sourceTree = "<group>"; };
		3CA70E6FDCEAD4EA65C2E2DB /* Pods-Twitter.debug.xcconfig */ = {isa = PBXFileReference; includeInIndex = 1; lastKnownFileType = text.xcconfig; name = "Pods-Twitter.debug.xcconfig"; path = "Target Support Files/Pods-Twitter/Pods-Twitter.debug.xcconfig"; sourceTree = "<group>"; };
		44CD6F612527BD0A0093252E /* MainTabBarController.swift */ = {isa = PBXFileReference; lastKnownFileType = sourcecode.swift; path = MainTabBarController.swift; sourceTree = "<group>"; };
		44CD6F642527C06B0093252E /* FeedController.swift */ = {isa = PBXFileReference; lastKnownFileType = sourcecode.swift; path = FeedController.swift; sourceTree = "<group>"; };
		44CD6F672527C1290093252E /* ExploreController.swift */ = {isa = PBXFileReference; lastKnownFileType = sourcecode.swift; path = ExploreController.swift; sourceTree = "<group>"; };
		44CD6F6A2527C1410093252E /* NotificationsController.swift */ = {isa = PBXFileReference; lastKnownFileType = sourcecode.swift; path = NotificationsController.swift; sourceTree = "<group>"; };
		44CD6F6D2527C1520093252E /* ConversationsController.swift */ = {isa = PBXFileReference; lastKnownFileType = sourcecode.swift; path = ConversationsController.swift; sourceTree = "<group>"; };
		44CD6F732528D3C70093252E /* Extensions.swift */ = {isa = PBXFileReference; lastKnownFileType = sourcecode.swift; path = Extensions.swift; sourceTree = "<group>"; };
		44CD6F78252C51D50093252E /* LoginController.swift */ = {isa = PBXFileReference; lastKnownFileType = sourcecode.swift; path = LoginController.swift; sourceTree = "<group>"; };
		44CD6F7B252C51E30093252E /* RegistrationController.swift */ = {isa = PBXFileReference; lastKnownFileType = sourcecode.swift; path = RegistrationController.swift; sourceTree = "<group>"; };
		44F2C8572521FBE50000B101 /* Twitter.app */ = {isa = PBXFileReference; explicitFileType = wrapper.application; includeInIndex = 0; path = Twitter.app; sourceTree = BUILT_PRODUCTS_DIR; };
		44F2C85A2521FBE50000B101 /* AppDelegate.swift */ = {isa = PBXFileReference; lastKnownFileType = sourcecode.swift; path = AppDelegate.swift; sourceTree = "<group>"; };
		44F2C85C2521FBE50000B101 /* SceneDelegate.swift */ = {isa = PBXFileReference; lastKnownFileType = sourcecode.swift; path = SceneDelegate.swift; sourceTree = "<group>"; };
		44F2C8612521FBE50000B101 /* Base */ = {isa = PBXFileReference; lastKnownFileType = file.storyboard; name = Base; path = Base.lproj/Main.storyboard; sourceTree = "<group>"; };
		44F2C8632521FBE80000B101 /* Assets.xcassets */ = {isa = PBXFileReference; lastKnownFileType = folder.assetcatalog; path = Assets.xcassets; sourceTree = "<group>"; };
		44F2C8662521FBE80000B101 /* Base */ = {isa = PBXFileReference; lastKnownFileType = file.storyboard; name = Base; path = Base.lproj/LaunchScreen.storyboard; sourceTree = "<group>"; };
		44F2C8682521FBE80000B101 /* Info.plist */ = {isa = PBXFileReference; lastKnownFileType = text.plist.xml; path = Info.plist; sourceTree = "<group>"; };
		B2A336E34701CA63CCD97595 /* Pods-Twitter.release.xcconfig */ = {isa = PBXFileReference; includeInIndex = 1; lastKnownFileType = text.xcconfig; name = "Pods-Twitter.release.xcconfig"; path = "Target Support Files/Pods-Twitter/Pods-Twitter.release.xcconfig"; sourceTree = "<group>"; };
/* End PBXFileReference section */

/* Begin PBXFrameworksBuildPhase section */
		44F2C8542521FBE50000B101 /* Frameworks */ = {
			isa = PBXFrameworksBuildPhase;
			buildActionMask = 2147483647;
			files = (
				64697876BF96F31B20F0BC44 /* Pods_Twitter.framework in Frameworks */,
			);
			runOnlyForDeploymentPostprocessing = 0;
		};
/* End PBXFrameworksBuildPhase section */

/* Begin PBXGroup section */
		1EC79BC37CC5EA1D19D9E061 /* Frameworks */ = {
			isa = PBXGroup;
			children = (
				24CC567A9EBDEF9F7323D644 /* Pods_Twitter.framework */,
			);
			name = Frameworks;
			sourceTree = "<group>";
		};
		44CD6F5C2527BC3F0093252E /* Controller */ = {
			isa = PBXGroup;
			children = (
				44CD6F76252C51BB0093252E /* Authentification */,
				44CD6F612527BD0A0093252E /* MainTabBarController.swift */,
				44CD6F642527C06B0093252E /* FeedController.swift */,
				44CD6F672527C1290093252E /* ExploreController.swift */,
				44CD6F6A2527C1410093252E /* NotificationsController.swift */,
				44CD6F6D2527C1520093252E /* ConversationsController.swift */,
				34BF0F982539BA3E00BAF77D /* UploadTweetController.swift */,
			);
			path = Controller;
			sourceTree = "<group>";
		};
		44CD6F5D2527BC7A0093252E /* API */ = {
			isa = PBXGroup;
			children = (
				344CB97E2538429900C70662 /* AuthService.swift */,
				34BF0F822538DF6500BAF77D /* UserService.swift */,
				34BF0F9E253A30AB00BAF77D /* TweetService.swift */,
			);
			path = API;
			sourceTree = "<group>";
		};
		44CD6F5E2527BC830093252E /* Utils */ = {
			isa = PBXGroup;
			children = (
				44CD6F732528D3C70093252E /* Extensions.swift */,
				340A15E6252DB29700F1A294 /* Helpers.swift */,
				3493810125363A2700C263CE /* Constants.swift */,
			);
			path = Utils;
			sourceTree = "<group>";
		};
		44CD6F76252C51BB0093252E /* Authentification */ = {
			isa = PBXGroup;
			children = (
				44CD6F78252C51D50093252E /* LoginController.swift */,
				44CD6F7B252C51E30093252E /* RegistrationController.swift */,
			);
			path = Authentification;
			sourceTree = "<group>";
		};
		44F2C84E2521FBE50000B101 = {
			isa = PBXGroup;
			children = (
				44F2C8592521FBE50000B101 /* Twitter */,
				44F2C8582521FBE50000B101 /* Products */,
				87A33E48A64817BD938295A4 /* Pods */,
				1EC79BC37CC5EA1D19D9E061 /* Frameworks */,
			);
			sourceTree = "<group>";
		};
		44F2C8582521FBE50000B101 /* Products */ = {
			isa = PBXGroup;
			children = (
				44F2C8572521FBE50000B101 /* Twitter.app */,
			);
			name = Products;
			sourceTree = "<group>";
		};
		44F2C8592521FBE50000B101 /* Twitter */ = {
			isa = PBXGroup;
			children = (
				44CD6F5E2527BC830093252E /* Utils */,
				44CD6F5D2527BC7A0093252E /* API */,
				44F2C86F25230F160000B101 /* Model */,
				44F2C87125230F2E0000B101 /* View */,
				44F2C87225230F360000B101 /* ViewModel */,
				44CD6F5C2527BC3F0093252E /* Controller */,
				44F2C85A2521FBE50000B101 /* AppDelegate.swift */,
				44F2C85C2521FBE50000B101 /* SceneDelegate.swift */,
				44F2C8602521FBE50000B101 /* Main.storyboard */,
				44F2C8632521FBE80000B101 /* Assets.xcassets */,
				44F2C8652521FBE80000B101 /* LaunchScreen.storyboard */,
				44F2C8682521FBE80000B101 /* Info.plist */,
				349380D42532000E00C263CE /* GoogleService-Info.plist */,
			);
			path = Twitter;
			sourceTree = "<group>";
		};
		44F2C86F25230F160000B101 /* Model */ = {
			isa = PBXGroup;
			children = (
				34BF0F852538E35600BAF77D /* User.swift */,
				34BF0FA1253B81CD00BAF77D /* Tweet.swift */,
			);
			path = Model;
			sourceTree = "<group>";
		};
		44F2C87125230F2E0000B101 /* View */ = {
			isa = PBXGroup;
			children = (
				34BF0F9B253A21AE00BAF77D /* CaptionTextView.swift */,
				34BF0FA4253C69FA00BAF77D /* FeedCell.swift */,
			);
			path = View;
			sourceTree = "<group>";
		};
		44F2C87225230F360000B101 /* ViewModel */ = {
			isa = PBXGroup;
			children = (
			);
			path = ViewModel;
			sourceTree = "<group>";
		};
		87A33E48A64817BD938295A4 /* Pods */ = {
			isa = PBXGroup;
			children = (
				3CA70E6FDCEAD4EA65C2E2DB /* Pods-Twitter.debug.xcconfig */,
				B2A336E34701CA63CCD97595 /* Pods-Twitter.release.xcconfig */,
			);
			path = Pods;
			sourceTree = "<group>";
		};
/* End PBXGroup section */

/* Begin PBXNativeTarget section */
		44F2C8562521FBE50000B101 /* Twitter */ = {
			isa = PBXNativeTarget;
			buildConfigurationList = 44F2C86B2521FBE80000B101 /* Build configuration list for PBXNativeTarget "Twitter" */;
			buildPhases = (
				BBD543379328092F86D5A3F5 /* [CP] Check Pods Manifest.lock */,
				44F2C8532521FBE50000B101 /* Sources */,
				44F2C8542521FBE50000B101 /* Frameworks */,
				44F2C8552521FBE50000B101 /* Resources */,
				E61D1C712F84013F0FC93BC7 /* [CP] Embed Pods Frameworks */,
			);
			buildRules = (
			);
			dependencies = (
			);
			name = Twitter;
			productName = Twitter;
			productReference = 44F2C8572521FBE50000B101 /* Twitter.app */;
			productType = "com.apple.product-type.application";
		};
/* End PBXNativeTarget section */

/* Begin PBXProject section */
		44F2C84F2521FBE50000B101 /* Project object */ = {
			isa = PBXProject;
			attributes = {
				LastSwiftUpdateCheck = 1200;
				LastUpgradeCheck = 1200;
				TargetAttributes = {
					44F2C8562521FBE50000B101 = {
						CreatedOnToolsVersion = 12.0.1;
					};
				};
			};
			buildConfigurationList = 44F2C8522521FBE50000B101 /* Build configuration list for PBXProject "Twitter" */;
			compatibilityVersion = "Xcode 9.3";
			developmentRegion = en;
			hasScannedForEncodings = 0;
			knownRegions = (
				en,
				Base,
			);
			mainGroup = 44F2C84E2521FBE50000B101;
			productRefGroup = 44F2C8582521FBE50000B101 /* Products */;
			projectDirPath = "";
			projectRoot = "";
			targets = (
				44F2C8562521FBE50000B101 /* Twitter */,
			);
		};
/* End PBXProject section */

/* Begin PBXResourcesBuildPhase section */
		44F2C8552521FBE50000B101 /* Resources */ = {
			isa = PBXResourcesBuildPhase;
			buildActionMask = 2147483647;
			files = (
				44F2C8672521FBE80000B101 /* LaunchScreen.storyboard in Resources */,
				349380D52532000E00C263CE /* GoogleService-Info.plist in Resources */,
				44F2C8642521FBE80000B101 /* Assets.xcassets in Resources */,
				44F2C8622521FBE50000B101 /* Main.storyboard in Resources */,
			);
			runOnlyForDeploymentPostprocessing = 0;
		};
/* End PBXResourcesBuildPhase section */

/* Begin PBXShellScriptBuildPhase section */
		BBD543379328092F86D5A3F5 /* [CP] Check Pods Manifest.lock */ = {
			isa = PBXShellScriptBuildPhase;
			buildActionMask = 2147483647;
			files = (
			);
			inputFileListPaths = (
			);
			inputPaths = (
				"${PODS_PODFILE_DIR_PATH}/Podfile.lock",
				"${PODS_ROOT}/Manifest.lock",
			);
			name = "[CP] Check Pods Manifest.lock";
			outputFileListPaths = (
			);
			outputPaths = (
				"$(DERIVED_FILE_DIR)/Pods-Twitter-checkManifestLockResult.txt",
			);
			runOnlyForDeploymentPostprocessing = 0;
			shellPath = /bin/sh;
			shellScript = "diff \"${PODS_PODFILE_DIR_PATH}/Podfile.lock\" \"${PODS_ROOT}/Manifest.lock\" > /dev/null\nif [ $? != 0 ] ; then\n    # print error to STDERR\n    echo \"error: The sandbox is not in sync with the Podfile.lock. Run 'pod install' or update your CocoaPods installation.\" >&2\n    exit 1\nfi\n# This output is used by Xcode 'outputs' to avoid re-running this script phase.\necho \"SUCCESS\" > \"${SCRIPT_OUTPUT_FILE_0}\"\n";
			showEnvVarsInLog = 0;
		};
		E61D1C712F84013F0FC93BC7 /* [CP] Embed Pods Frameworks */ = {
			isa = PBXShellScriptBuildPhase;
			buildActionMask = 2147483647;
			files = (
			);
			inputFileListPaths = (
				"${PODS_ROOT}/Target Support Files/Pods-Twitter/Pods-Twitter-frameworks-${CONFIGURATION}-input-files.xcfilelist",
			);
			name = "[CP] Embed Pods Frameworks";
			outputFileListPaths = (
				"${PODS_ROOT}/Target Support Files/Pods-Twitter/Pods-Twitter-frameworks-${CONFIGURATION}-output-files.xcfilelist",
			);
			runOnlyForDeploymentPostprocessing = 0;
			shellPath = /bin/sh;
			shellScript = "\"${PODS_ROOT}/Target Support Files/Pods-Twitter/Pods-Twitter-frameworks.sh\"\n";
			showEnvVarsInLog = 0;
		};
/* End PBXShellScriptBuildPhase section */

/* Begin PBXSourcesBuildPhase section */
		44F2C8532521FBE50000B101 /* Sources */ = {
			isa = PBXSourcesBuildPhase;
			buildActionMask = 2147483647;
			files = (
				34BF0F832538DF6500BAF77D /* UserService.swift in Sources */,
				34BF0FA5253C69FA00BAF77D /* FeedCell.swift in Sources */,
				44CD6F6B2527C1410093252E /* NotificationsController.swift in Sources */,
				34BF0F9C253A21AE00BAF77D /* CaptionTextView.swift in Sources */,
				44CD6F6E2527C1520093252E /* ConversationsController.swift in Sources */,
				44F2C85B2521FBE50000B101 /* AppDelegate.swift in Sources */,
				44CD6F742528D3C70093252E /* Extensions.swift in Sources */,
				340A15E7252DB29700F1A294 /* Helpers.swift in Sources */,
				44CD6F79252C51D50093252E /* LoginController.swift in Sources */,
				344CB97F2538429900C70662 /* AuthService.swift in Sources */,
				34BF0F992539BA3E00BAF77D /* UploadTweetController.swift in Sources */,
				34BF0F862538E35600BAF77D /* User.swift in Sources */,
				44CD6F682527C1290093252E /* ExploreController.swift in Sources */,
				44F2C85D2521FBE50000B101 /* SceneDelegate.swift in Sources */,
				44CD6F622527BD0A0093252E /* MainTabBarController.swift in Sources */,
				44CD6F7C252C51E30093252E /* RegistrationController.swift in Sources */,
				44CD6F652527C06B0093252E /* FeedController.swift in Sources */,
				3493810225363A2700C263CE /* Constants.swift in Sources */,
				34BF0FA2253B81CD00BAF77D /* Tweet.swift in Sources */,
				34BF0F9F253A30AB00BAF77D /* TweetService.swift in Sources */,
			);
			runOnlyForDeploymentPostprocessing = 0;
		};
/* End PBXSourcesBuildPhase section */

/* Begin PBXVariantGroup section */
		44F2C8602521FBE50000B101 /* Main.storyboard */ = {
			isa = PBXVariantGroup;
			children = (
				44F2C8612521FBE50000B101 /* Base */,
			);
			name = Main.storyboard;
			sourceTree = "<group>";
		};
		44F2C8652521FBE80000B101 /* LaunchScreen.storyboard */ = {
			isa = PBXVariantGroup;
			children = (
				44F2C8662521FBE80000B101 /* Base */,
			);
			name = LaunchScreen.storyboard;
			sourceTree = "<group>";
		};
/* End PBXVariantGroup section */

/* Begin XCBuildConfiguration section */
		44F2C8692521FBE80000B101 /* Debug */ = {
			isa = XCBuildConfiguration;
			buildSettings = {
				ALWAYS_SEARCH_USER_PATHS = NO;
				CLANG_ANALYZER_NONNULL = YES;
				CLANG_ANALYZER_NUMBER_OBJECT_CONVERSION = YES_AGGRESSIVE;
				CLANG_CXX_LANGUAGE_STANDARD = "gnu++14";
				CLANG_CXX_LIBRARY = "libc++";
				CLANG_ENABLE_MODULES = YES;
				CLANG_ENABLE_OBJC_ARC = YES;
				CLANG_ENABLE_OBJC_WEAK = YES;
				CLANG_WARN_BLOCK_CAPTURE_AUTORELEASING = YES;
				CLANG_WARN_BOOL_CONVERSION = YES;
				CLANG_WARN_COMMA = YES;
				CLANG_WARN_CONSTANT_CONVERSION = YES;
				CLANG_WARN_DEPRECATED_OBJC_IMPLEMENTATIONS = YES;
				CLANG_WARN_DIRECT_OBJC_ISA_USAGE = YES_ERROR;
				CLANG_WARN_DOCUMENTATION_COMMENTS = YES;
				CLANG_WARN_EMPTY_BODY = YES;
				CLANG_WARN_ENUM_CONVERSION = YES;
				CLANG_WARN_INFINITE_RECURSION = YES;
				CLANG_WARN_INT_CONVERSION = YES;
				CLANG_WARN_NON_LITERAL_NULL_CONVERSION = YES;
				CLANG_WARN_OBJC_IMPLICIT_RETAIN_SELF = YES;
				CLANG_WARN_OBJC_LITERAL_CONVERSION = YES;
				CLANG_WARN_OBJC_ROOT_CLASS = YES_ERROR;
				CLANG_WARN_QUOTED_INCLUDE_IN_FRAMEWORK_HEADER = YES;
				CLANG_WARN_RANGE_LOOP_ANALYSIS = YES;
				CLANG_WARN_STRICT_PROTOTYPES = YES;
				CLANG_WARN_SUSPICIOUS_MOVE = YES;
				CLANG_WARN_UNGUARDED_AVAILABILITY = YES_AGGRESSIVE;
				CLANG_WARN_UNREACHABLE_CODE = YES;
				CLANG_WARN__DUPLICATE_METHOD_MATCH = YES;
				COPY_PHASE_STRIP = NO;
				DEBUG_INFORMATION_FORMAT = dwarf;
				ENABLE_STRICT_OBJC_MSGSEND = YES;
				ENABLE_TESTABILITY = YES;
				GCC_C_LANGUAGE_STANDARD = gnu11;
				GCC_DYNAMIC_NO_PIC = NO;
				GCC_NO_COMMON_BLOCKS = NO;
				GCC_OPTIMIZATION_LEVEL = 0;
				GCC_PREPROCESSOR_DEFINITIONS = (
					"DEBUG=1",
					"$(inherited)",
				);
				GCC_WARN_64_TO_32_BIT_CONVERSION = YES;
				GCC_WARN_ABOUT_RETURN_TYPE = YES_ERROR;
				GCC_WARN_UNDECLARED_SELECTOR = YES;
				GCC_WARN_UNINITIALIZED_AUTOS = YES_AGGRESSIVE;
				GCC_WARN_UNUSED_FUNCTION = YES;
				GCC_WARN_UNUSED_VARIABLE = YES;
				IPHONEOS_DEPLOYMENT_TARGET = 13.0;
				MTL_ENABLE_DEBUG_INFO = INCLUDE_SOURCE;
				MTL_FAST_MATH = YES;
				ONLY_ACTIVE_ARCH = YES;
				SDKROOT = iphoneos;
				SWIFT_ACTIVE_COMPILATION_CONDITIONS = DEBUG;
				SWIFT_OPTIMIZATION_LEVEL = "-Onone";
			};
			name = Debug;
		};
		44F2C86A2521FBE80000B101 /* Release */ = {
			isa = XCBuildConfiguration;
			buildSettings = {
				ALWAYS_SEARCH_USER_PATHS = NO;
				CLANG_ANALYZER_NONNULL = YES;
				CLANG_ANALYZER_NUMBER_OBJECT_CONVERSION = YES_AGGRESSIVE;
				CLANG_CXX_LANGUAGE_STANDARD = "gnu++14";
				CLANG_CXX_LIBRARY = "libc++";
				CLANG_ENABLE_MODULES = YES;
				CLANG_ENABLE_OBJC_ARC = YES;
				CLANG_ENABLE_OBJC_WEAK = YES;
				CLANG_WARN_BLOCK_CAPTURE_AUTORELEASING = YES;
				CLANG_WARN_BOOL_CONVERSION = YES;
				CLANG_WARN_COMMA = YES;
				CLANG_WARN_CONSTANT_CONVERSION = YES;
				CLANG_WARN_DEPRECATED_OBJC_IMPLEMENTATIONS = YES;
				CLANG_WARN_DIRECT_OBJC_ISA_USAGE = YES_ERROR;
				CLANG_WARN_DOCUMENTATION_COMMENTS = YES;
				CLANG_WARN_EMPTY_BODY = YES;
				CLANG_WARN_ENUM_CONVERSION = YES;
				CLANG_WARN_INFINITE_RECURSION = YES;
				CLANG_WARN_INT_CONVERSION = YES;
				CLANG_WARN_NON_LITERAL_NULL_CONVERSION = YES;
				CLANG_WARN_OBJC_IMPLICIT_RETAIN_SELF = YES;
				CLANG_WARN_OBJC_LITERAL_CONVERSION = YES;
				CLANG_WARN_OBJC_ROOT_CLASS = YES_ERROR;
				CLANG_WARN_QUOTED_INCLUDE_IN_FRAMEWORK_HEADER = YES;
				CLANG_WARN_RANGE_LOOP_ANALYSIS = YES;
				CLANG_WARN_STRICT_PROTOTYPES = YES;
				CLANG_WARN_SUSPICIOUS_MOVE = YES;
				CLANG_WARN_UNGUARDED_AVAILABILITY = YES_AGGRESSIVE;
				CLANG_WARN_UNREACHABLE_CODE = YES;
				CLANG_WARN__DUPLICATE_METHOD_MATCH = YES;
				COPY_PHASE_STRIP = NO;
				DEBUG_INFORMATION_FORMAT = "dwarf-with-dsym";
				ENABLE_NS_ASSERTIONS = NO;
				ENABLE_STRICT_OBJC_MSGSEND = YES;
				GCC_C_LANGUAGE_STANDARD = gnu11;
				GCC_NO_COMMON_BLOCKS = NO;
				GCC_WARN_64_TO_32_BIT_CONVERSION = YES;
				GCC_WARN_ABOUT_RETURN_TYPE = YES_ERROR;
				GCC_WARN_UNDECLARED_SELECTOR = YES;
				GCC_WARN_UNINITIALIZED_AUTOS = YES_AGGRESSIVE;
				GCC_WARN_UNUSED_FUNCTION = YES;
				GCC_WARN_UNUSED_VARIABLE = YES;
				IPHONEOS_DEPLOYMENT_TARGET = 13.0;
				MTL_ENABLE_DEBUG_INFO = NO;
				MTL_FAST_MATH = YES;
				SDKROOT = iphoneos;
				SWIFT_COMPILATION_MODE = wholemodule;
				SWIFT_OPTIMIZATION_LEVEL = "-O";
				VALIDATE_PRODUCT = YES;
			};
			name = Release;
		};
		44F2C86C2521FBE80000B101 /* Debug */ = {
			isa = XCBuildConfiguration;
			baseConfigurationReference = 3CA70E6FDCEAD4EA65C2E2DB /* Pods-Twitter.debug.xcconfig */;
			buildSettings = {
				ASSETCATALOG_COMPILER_APPICON_NAME = AppIcon;
				ASSETCATALOG_COMPILER_GLOBAL_ACCENT_COLOR_NAME = AccentColor;
				CODE_SIGN_STYLE = Automatic;
				DEVELOPMENT_TEAM = US9DX88L7C;
				INFOPLIST_FILE = Twitter/Info.plist;
				LD_RUNPATH_SEARCH_PATHS = (
					"$(inherited)",
					"@executable_path/Frameworks",
				);
				PRODUCT_BUNDLE_IDENTIFIER = com.eugeney.Twitter;
				PRODUCT_NAME = "$(TARGET_NAME)";
				SWIFT_VERSION = 5.0;
				TARGETED_DEVICE_FAMILY = "1,2";
			};
			name = Debug;
		};
		44F2C86D2521FBE80000B101 /* Release */ = {
			isa = XCBuildConfiguration;
			baseConfigurationReference = B2A336E34701CA63CCD97595 /* Pods-Twitter.release.xcconfig */;
			buildSettings = {
				ASSETCATALOG_COMPILER_APPICON_NAME = AppIcon;
				ASSETCATALOG_COMPILER_GLOBAL_ACCENT_COLOR_NAME = AccentColor;
				CODE_SIGN_STYLE = Automatic;
				DEVELOPMENT_TEAM = US9DX88L7C;
				INFOPLIST_FILE = Twitter/Info.plist;
				LD_RUNPATH_SEARCH_PATHS = (
					"$(inherited)",
					"@executable_path/Frameworks",
				);
				PRODUCT_BUNDLE_IDENTIFIER = com.eugeney.Twitter;
				PRODUCT_NAME = "$(TARGET_NAME)";
				SWIFT_VERSION = 5.0;
				TARGETED_DEVICE_FAMILY = "1,2";
			};
			name = Release;
		};
/* End XCBuildConfiguration section */

/* Begin XCConfigurationList section */
		44F2C8522521FBE50000B101 /* Build configuration list for PBXProject "Twitter" */ = {
			isa = XCConfigurationList;
			buildConfigurations = (
				44F2C8692521FBE80000B101 /* Debug */,
				44F2C86A2521FBE80000B101 /* Release */,
			);
			defaultConfigurationIsVisible = 0;
			defaultConfigurationName = Release;
		};
		44F2C86B2521FBE80000B101 /* Build configuration list for PBXNativeTarget "Twitter" */ = {
			isa = XCConfigurationList;
			buildConfigurations = (
				44F2C86C2521FBE80000B101 /* Debug */,
				44F2C86D2521FBE80000B101 /* Release */,
			);
			defaultConfigurationIsVisible = 0;
			defaultConfigurationName = Release;
		};
/* End XCConfigurationList section */
	};
	rootObject = 44F2C84F2521FBE50000B101 /* Project object */;
}
